
Microsoft Visual Studio Solution File, Format Version 12.00
# Visual Studio 14
VisualStudioVersion = 14.0.25420.1
MinimumVisualStudioVersion = 10.0.40219.1
Project("{2150E333-8FDC-42A3-9474-1A3956D46DE8}") = "00. Client", "00. Client", "{8BCA9C36-B5DC-4C8F-B661-A28898C0947D}"
EndProject
Project("{2150E333-8FDC-42A3-9474-1A3956D46DE8}") = "01. Engine", "01. Engine", "{E09A4FB9-2B90-4464-90CA-3DE65B55F361}"
EndProject
Project("{2150E333-8FDC-42A3-9474-1A3956D46DE8}") = "02. Tool", "02. Tool", "{7B09E3A4-6D3F-4FC0-A002-683629315191}"
EndProject
Project("{8BC9CEB8-8B4A-11D0-8D11-00A0C91BC942}") = "Engine", "Engine\default\Engine.vcxproj", "{6417B18C-3B9F-4C28-AD01-D71E7761F11A}"
EndProject
Project("{8BC9CEB8-8B4A-11D0-8D11-00A0C91BC942}") = "Client", "Client\default\Client.vcxproj", "{80F9BC77-454F-4C82-9167-00352B39A511}"
EndProject
Project("{8BC9CEB8-8B4A-11D0-8D11-00A0C91BC942}") = "Tool", "Tool\Tool.vcxproj", "{EA684BF9-2A38-440A-A124-F60FFA1ED8DF}"
EndProject
Global
	GlobalSection(SolutionConfigurationPlatforms) = preSolution
		Debug|x64 = Debug|x64
		Debug|x86 = Debug|x86
		Release|x64 = Release|x64
		Release|x86 = Release|x86
	EndGlobalSection
	GlobalSection(ProjectConfigurationPlatforms) = postSolution
		{6417B18C-3B9F-4C28-AD01-D71E7761F11A}.Debug|x64.ActiveCfg = Debug|x64
		{6417B18C-3B9F-4C28-AD01-D71E7761F11A}.Debug|x64.Build.0 = Debug|x64
		{6417B18C-3B9F-4C28-AD01-D71E7761F11A}.Debug|x86.ActiveCfg = Debug|Win32
		{6417B18C-3B9F-4C28-AD01-D71E7761F11A}.Debug|x86.Build.0 = Debug|Win32
		{6417B18C-3B9F-4C28-AD01-D71E7761F11A}.Release|x64.ActiveCfg = Release|x64
		{6417B18C-3B9F-4C28-AD01-D71E7761F11A}.Release|x64.Build.0 = Release|x64
		{6417B18C-3B9F-4C28-AD01-D71E7761F11A}.Release|x86.ActiveCfg = Release|Win32
		{6417B18C-3B9F-4C28-AD01-D71E7761F11A}.Release|x86.Build.0 = Release|Win32
		{80F9BC77-454F-4C82-9167-00352B39A511}.Debug|x64.ActiveCfg = Debug|x64
		{80F9BC77-454F-4C82-9167-00352B39A511}.Debug|x64.Build.0 = Debug|x64
		{80F9BC77-454F-4C82-9167-00352B39A511}.Debug|x86.ActiveCfg = Debug|Win32
		{80F9BC77-454F-4C82-9167-00352B39A511}.Debug|x86.Build.0 = Debug|Win32
		{80F9BC77-454F-4C82-9167-00352B39A511}.Release|x64.ActiveCfg = Release|x64
		{80F9BC77-454F-4C82-9167-00352B39A511}.Release|x64.Build.0 = Release|x64
		{80F9BC77-454F-4C82-9167-00352B39A511}.Release|x86.ActiveCfg = Release|Win32
		{80F9BC77-454F-4C82-9167-00352B39A511}.Release|x86.Build.0 = Release|Win32
		{EA684BF9-2A38-440A-A124-F60FFA1ED8DF}.Debug|x64.ActiveCfg = Debug|x64
		{EA684BF9-2A38-440A-A124-F60FFA1ED8DF}.Debug|x64.Build.0 = Debug|x64
		{EA684BF9-2A38-440A-A124-F60FFA1ED8DF}.Debug|x86.ActiveCfg = Debug|Win32
		{EA684BF9-2A38-440A-A124-F60FFA1ED8DF}.Debug|x86.Build.0 = Debug|Win32
		{EA684BF9-2A38-440A-A124-F60FFA1ED8DF}.Release|x64.ActiveCfg = Release|x64
		{EA684BF9-2A38-440A-A124-F60FFA1ED8DF}.Release|x64.Build.0 = Release|x64
		{EA684BF9-2A38-440A-A124-F60FFA1ED8DF}.Release|x86.ActiveCfg = Release|Win32
		{EA684BF9-2A38-440A-A124-F60FFA1ED8DF}.Release|x86.Build.0 = Release|Win32
	EndGlobalSection
	GlobalSection(SolutionProperties) = preSolution
		HideSolutionNode = FALSE
	EndGlobalSection
	GlobalSection(NestedProjects) = preSolution
		{6417B18C-3B9F-4C28-AD01-D71E7761F11A} = {E09A4FB9-2B90-4464-90CA-3DE65B55F361}
		{80F9BC77-454F-4C82-9167-00352B39A511} = {8BCA9C36-B5DC-4C8F-B661-A28898C0947D}
		{EA684BF9-2A38-440A-A124-F60FFA1ED8DF} = {7B09E3A4-6D3F-4FC0-A002-683629315191}
	EndGlobalSection
EndGlobal
