<?xml version="1.0" encoding="utf-8"?>
<Project ToolsVersion="4.0" xmlns="http://schemas.microsoft.com/developer/msbuild/2003">
  <ItemGroup>
    <Filter Include="00. MainApp">
      <UniqueIdentifier>{39a84a7f-45ab-49a5-964b-0cbe3d97e988}</UniqueIdentifier>
    </Filter>
    <Filter Include="99. Default">
      <UniqueIdentifier>{f2c9182a-512b-462d-b84c-317f2dcd6a24}</UniqueIdentifier>
    </Filter>
    <Filter Include="01. Level">
      <UniqueIdentifier>{1a0b49ae-2f4e-434f-b3a6-5e42e10fc376}</UniqueIdentifier>
    </Filter>
    <Filter Include="01. Level\00. Logo">
      <UniqueIdentifier>{cf79e394-b553-4618-8681-72d2b23aa6ea}</UniqueIdentifier>
    </Filter>
    <Filter Include="01. Level\01. Loading">
      <UniqueIdentifier>{da5ea6fd-6eff-4a22-b986-8d9c733a3f32}</UniqueIdentifier>
    </Filter>
    <Filter Include="01. Level\01. Loading\Loader">
      <UniqueIdentifier>{b6ead00a-1b14-460e-97f7-68b07486c97a}</UniqueIdentifier>
    </Filter>
    <Filter Include="02. Object">
      <UniqueIdentifier>{0a47ed36-3f50-41ab-bb55-7f37e271b31a}</UniqueIdentifier>
    </Filter>
    <Filter Include="02. Object\00. Background">
      <UniqueIdentifier>{d49ffbf2-1f2b-4975-9762-32bc668baa08}</UniqueIdentifier>
    </Filter>
    <Filter Include="97. Shader">
      <UniqueIdentifier>{2552f817-51af-4ead-b7f7-c91b1317736b}</UniqueIdentifier>
    </Filter>
    <Filter Include="98. include">
      <UniqueIdentifier>{c616d2d8-a8c3-4dda-860e-51878d85abc9}</UniqueIdentifier>
    </Filter>
  </ItemGroup>
  <ItemGroup>
    <ClInclude Include="Client.h">
      <Filter>99. Default</Filter>
    </ClInclude>
    <ClInclude Include="Resource.h">
      <Filter>99. Default</Filter>
    </ClInclude>
    <ClInclude Include="stdafx.h">
      <Filter>99. Default</Filter>
    </ClInclude>
    <ClInclude Include="targetver.h">
      <Filter>99. Default</Filter>
    </ClInclude>
    <ClInclude Include="..\header\ClientDefine.h">
      <Filter>98. include</Filter>
    </ClInclude>
    <ClInclude Include="..\header\MainApp.h">
      <Filter>00. MainApp</Filter>
    </ClInclude>
    <ClInclude Include="..\header\Logo.h">
      <Filter>01. Level\00. Logo</Filter>
    </ClInclude>
    <ClInclude Include="..\header\Loading.h">
      <Filter>01. Level\01. Loading</Filter>
    </ClInclude>
    <ClInclude Include="..\header\Loader.h">
      <Filter>01. Level\01. Loading\Loader</Filter>
    </ClInclude>
    <ClInclude Include="..\header\Backgound.h">
      <Filter>02. Object\00. Background</Filter>
    </ClInclude>
  </ItemGroup>
  <ItemGroup>
    <ClCompile Include="Client.cpp">
      <Filter>99. Default</Filter>
    </ClCompile>
    <ClCompile Include="stdafx.cpp">
      <Filter>99. Default</Filter>
    </ClCompile>
    <ClCompile Include="..\cpp\MainApp.cpp">
      <Filter>00. MainApp</Filter>
    </ClCompile>
    <ClCompile Include="..\cpp\Logo.cpp">
      <Filter>01. Level\00. Logo</Filter>
    </ClCompile>
    <ClCompile Include="..\cpp\Loading.cpp">
      <Filter>01. Level\01. Loading</Filter>
    </ClCompile>
    <ClCompile Include="..\cpp\Loader.cpp">
      <Filter>01. Level\01. Loading\Loader</Filter>
    </ClCompile>
    <ClCompile Include="..\cpp\Backgound.cpp">
      <Filter>02. Object\00. Background</Filter>
    </ClCompile>
  </ItemGroup>
  <ItemGroup>
    <Image Include="Client.ico">
      <Filter>99. Default</Filter>
    </Image>
    <Image Include="small.ico">
      <Filter>99. Default</Filter>
    </Image>
  </ItemGroup>
  <ItemGroup>
    <ResourceCompile Include="Client.rc">
      <Filter>99. Default</Filter>
    </ResourceCompile>
  </ItemGroup>
  <ItemGroup>
    <Text Include="ReadMe.txt">
      <Filter>99. Default</Filter>
    </Text>
  </ItemGroup>
  <ItemGroup>
    <FxCompile Include="..\bin\Shader\ShaderRect.hlsl">
      <Filter>97. Shader</Filter>
    </FxCompile>
  </ItemGroup>
</Project>