<?xml version="1.0" encoding="utf-8"?>
<Project ToolsVersion="4.0" xmlns="http://schemas.microsoft.com/developer/msbuild/2003">
  <ItemGroup>
    <Filter Include="99.Defines">
      <UniqueIdentifier>{3d1e4387-efbe-4fe0-9a24-60cd072c83da}</UniqueIdentifier>
    </Filter>
    <Filter Include="98.Default">
      <UniqueIdentifier>{156e7346-8708-4c94-bd30-11c5e5eab642}</UniqueIdentifier>
    </Filter>
    <Filter Include="00.MainApp">
      <UniqueIdentifier>{cbded2be-0306-4051-a02a-16ab80c91dfb}</UniqueIdentifier>
    </Filter>
    <Filter Include="01.Level">
      <UniqueIdentifier>{7e9cf1ec-44ae-494a-8f88-beb03c4ab8a3}</UniqueIdentifier>
    </Filter>
    <Filter Include="01.Level\Logo">
      <UniqueIdentifier>{db1724b9-b140-4390-88da-8ada848b7b1f}</UniqueIdentifier>
    </Filter>
    <Filter Include="01.Level\Loading">
      <UniqueIdentifier>{5ce1d52e-6b30-44cd-92de-596899bd222e}</UniqueIdentifier>
    </Filter>
    <Filter Include="01.Level\GamePlay">
      <UniqueIdentifier>{62fc753f-04a1-40d2-b07c-4b564bf50e66}</UniqueIdentifier>
    </Filter>
    <Filter Include="01.Level\Loading\Loader">
      <UniqueIdentifier>{2f9aa64d-6da8-4046-9197-c052eb555b9b}</UniqueIdentifier>
    </Filter>
    <Filter Include="02.GameObject">
      <UniqueIdentifier>{3aa0f1b0-36a8-4ed0-a9bd-7f2887e058cc}</UniqueIdentifier>
    </Filter>
    <Filter Include="02.GameObject\BackGround">
      <UniqueIdentifier>{fb98a9ef-5e79-406f-9464-8238e20e35ce}</UniqueIdentifier>
    </Filter>
    <Filter Include="97.ShaderFiles">
      <UniqueIdentifier>{1fb335f6-61d9-454a-96df-133732d0f71f}</UniqueIdentifier>
    </Filter>
    <Filter Include="02.GameObject\Terrain">
      <UniqueIdentifier>{48cda3e1-cb21-40da-ab52-68058f7a9702}</UniqueIdentifier>
    </Filter>
    <Filter Include="02.GameObject\Camera">
      <UniqueIdentifier>{11f7b43b-e6c2-4fb6-96fc-74289a70342c}</UniqueIdentifier>
    </Filter>
    <Filter Include="02.GameObject\Sky">
      <UniqueIdentifier>{c5f745f7-28bd-4f97-a3e5-822822d180e5}</UniqueIdentifier>
    </Filter>
    <Filter Include="02.GameObject\Player">
      <UniqueIdentifier>{e71488d1-2b37-4734-818f-7a22d17ae3f1}</UniqueIdentifier>
    </Filter>
    <Filter Include="02.GameObject\Monster">
      <UniqueIdentifier>{fe3a1594-ba6f-4b71-8cc7-640c6d5d286b}</UniqueIdentifier>
    </Filter>
    <Filter Include="02.GameObject\Player\Weapon">
      <UniqueIdentifier>{e66f1302-1239-43aa-ba0c-6b28a570f86d}</UniqueIdentifier>
    </Filter>
    <Filter Include="02.GameObject\EnvirionmentObject">
      <UniqueIdentifier>{74de07f4-dc7c-4459-ae46-f4eedd688454}</UniqueIdentifier>
    </Filter>
    <Filter Include="02.GameObject\Player\Weapon\SMG">
      <UniqueIdentifier>{1f21b4bb-ec05-4ffe-b101-2096b4f5bcd5}</UniqueIdentifier>
    </Filter>
    <Filter Include="02.GameObject\InteractObject">
      <UniqueIdentifier>{3999c250-6a41-4a5b-a7da-4270d2ecddb1}</UniqueIdentifier>
    </Filter>
    <Filter Include="02.GameObject\InteractObject\DahlWeaponLocker">
      <UniqueIdentifier>{011d58b3-a023-4d3d-ac76-bfc652538950}</UniqueIdentifier>
    </Filter>
    <Filter Include="02.GameObject\InteractObject\DahlEpicCrate">
      <UniqueIdentifier>{f1b1059e-947d-44c4-9d10-3eb4109e9104}</UniqueIdentifier>
    </Filter>
    <Filter Include="02.GameObject\InteractObject\HyperionChest">
      <UniqueIdentifier>{14c75d84-c9ce-42dc-9b64-5eae001961dd}</UniqueIdentifier>
    </Filter>
    <Filter Include="02.GameObject\Effect">
      <UniqueIdentifier>{c2ee037c-7798-47a0-b233-cfd2a8c08784}</UniqueIdentifier>
    </Filter>
    <Filter Include="02.GameObject\Effect\HitBullet">
      <UniqueIdentifier>{61f659ed-b1df-4063-9bee-23be40c60c05}</UniqueIdentifier>
    </Filter>
    <Filter Include="02.GameObject\Monster\Boss">
      <UniqueIdentifier>{571bdc15-98ce-4b52-87c6-beece3776891}</UniqueIdentifier>
    </Filter>
    <Filter Include="02.GameObject\Monster\Normal">
      <UniqueIdentifier>{3e15c25e-10c9-488b-ae17-5d17524efb0e}</UniqueIdentifier>
    </Filter>
    <Filter Include="02.GameObject\Monster\Normal\BugMorph">
      <UniqueIdentifier>{4e8b3117-f4a2-4707-9d2f-a70f0c6d2948}</UniqueIdentifier>
    </Filter>
    <Filter Include="02.GameObject\Monster\Normal\PrimeBeast">
      <UniqueIdentifier>{46f29de5-d9b3-43f6-8a25-be44265b24db}</UniqueIdentifier>
    </Filter>
    <Filter Include="02.GameObject\Monster\Normal\PrimeBeast\Rock">
      <UniqueIdentifier>{35a30334-704a-47b3-84ce-f281a5f3bcb3}</UniqueIdentifier>
    </Filter>
    <Filter Include="02.GameObject\Monster\Boss\PrimeBeast">
      <UniqueIdentifier>{a33cc72e-733f-4316-a49f-9ed38d00ee03}</UniqueIdentifier>
    </Filter>
    <Filter Include="02.GameObject\Monster\Boss\PrimeBeast\BossPrimeBeastRock">
      <UniqueIdentifier>{101d07fb-dd40-450c-901a-601f21b06e17}</UniqueIdentifier>
    </Filter>
    <Filter Include="02.GameObject\GlacialFlowWall">
      <UniqueIdentifier>{cfb5f637-f81c-4ca8-a516-4e7b2b3f7a79}</UniqueIdentifier>
    </Filter>
    <Filter Include="02.GameObject\UI">
      <UniqueIdentifier>{6a705741-5836-44aa-9eaa-4e6de28fc632}</UniqueIdentifier>
    </Filter>
    <Filter Include="02.GameObject\UI\CrossSight">
      <UniqueIdentifier>{574ad408-9c2c-4a1f-aeec-7ca228ec5ea3}</UniqueIdentifier>
    </Filter>
    <Filter Include="02.GameObject\UI\PlayerUI">
      <UniqueIdentifier>{a017ab54-a6d1-4c94-80e3-5c2c416a82ac}</UniqueIdentifier>
    </Filter>
    <Filter Include="02.GameObject\Effect\Muzzle">
      <UniqueIdentifier>{62711587-21fb-4d99-bf68-17486e5b9c1b}</UniqueIdentifier>
    </Filter>
    <Filter Include="02.GameObject\PickUps">
      <UniqueIdentifier>{aa78ce07-d654-4bf4-b0f2-6d8f17d743f3}</UniqueIdentifier>
    </Filter>
    <Filter Include="02.GameObject\UI\HitUI">
      <UniqueIdentifier>{28bf8e22-bf82-428e-a125-ce8aef64d48b}</UniqueIdentifier>
    </Filter>
    <Filter Include="02.GameObject\Effect\Snow">
      <UniqueIdentifier>{66f30967-5fe0-4747-9b4a-a3ffdf99c335}</UniqueIdentifier>
    </Filter>
    <Filter Include="02.GameObject\UI\SnowScreen">
      <UniqueIdentifier>{9abd01fc-7877-4fe1-b064-c0701b00b5d3}</UniqueIdentifier>
    </Filter>
    <Filter Include="02.GameObject\UI\TitleCard">
      <UniqueIdentifier>{551a59ab-7cdf-4efa-973a-1f85e2d27f0d}</UniqueIdentifier>
    </Filter>
    <Filter Include="02.GameObject\ClapTrap">
      <UniqueIdentifier>{3f4481aa-5a42-4fb2-b2e5-d51886e68f63}</UniqueIdentifier>
    </Filter>
    <Filter Include="02.GameObject\Camera\Dynamic">
      <UniqueIdentifier>{15053e67-c530-44f4-b5ea-a1b6c5492300}</UniqueIdentifier>
    </Filter>
    <Filter Include="02.GameObject\Camera\Static">
      <UniqueIdentifier>{64c16f33-13c7-4bf5-8333-b7b09376a1cb}</UniqueIdentifier>
    </Filter>
    <Filter Include="02.GameObject\Sky\LogoSky">
      <UniqueIdentifier>{876d194e-aabf-4e13-82af-20b52216618d}</UniqueIdentifier>
    </Filter>
    <Filter Include="02.GameObject\Sky\GameSky">
      <UniqueIdentifier>{b1f0193a-f3a1-4637-9337-83957c3720c0}</UniqueIdentifier>
    </Filter>
  </ItemGroup>
  <ItemGroup>
    <Text Include="ReadMe.txt" />
  </ItemGroup>
  <ItemGroup>
    <ClInclude Include="Client.h">
      <Filter>98.Default</Filter>
    </ClInclude>
    <ClInclude Include="Resource.h">
      <Filter>98.Default</Filter>
    </ClInclude>
    <ClInclude Include="stdafx.h">
      <Filter>98.Default</Filter>
    </ClInclude>
    <ClInclude Include="targetver.h">
      <Filter>98.Default</Filter>
    </ClInclude>
    <ClInclude Include="..\public\Client_Defines.h">
      <Filter>99.Defines</Filter>
    </ClInclude>
    <ClInclude Include="..\public\MainApp.h">
      <Filter>00.MainApp</Filter>
    </ClInclude>
    <ClInclude Include="..\public\Level_Logo.h">
      <Filter>01.Level\Logo</Filter>
    </ClInclude>
    <ClInclude Include="..\public\Level_Loading.h">
      <Filter>01.Level\Loading</Filter>
    </ClInclude>
    <ClInclude Include="..\public\Loader.h">
      <Filter>01.Level\Loading\Loader</Filter>
    </ClInclude>
    <ClInclude Include="..\public\BackGround.h">
      <Filter>02.GameObject\BackGround</Filter>
    </ClInclude>
    <ClInclude Include="..\public\Level_GamePlay.h">
      <Filter>01.Level\GamePlay</Filter>
    </ClInclude>
    <ClInclude Include="..\public\Terrain.h">
      <Filter>02.GameObject\Terrain</Filter>
    </ClInclude>
    <ClInclude Include="..\bin\ShaderFiles\Shader_RenderState.hpp">
      <Filter>97.ShaderFiles</Filter>
    </ClInclude>
    <ClInclude Include="..\public\Player.h">
      <Filter>02.GameObject\Player</Filter>
    </ClInclude>
    <ClInclude Include="..\public\EnvironmentObject.h">
      <Filter>02.GameObject\EnvirionmentObject</Filter>
    </ClInclude>
    <ClInclude Include="..\public\BugMorph.h">
      <Filter>02.GameObject\Monster\Normal\BugMorph</Filter>
    </ClInclude>
    <ClInclude Include="..\public\SMG.h">
      <Filter>02.GameObject\Player\Weapon\SMG</Filter>
    </ClInclude>
    <ClInclude Include="..\public\PrimeBeast.h">
      <Filter>02.GameObject\Monster\Normal\PrimeBeast</Filter>
    </ClInclude>
    <ClInclude Include="..\public\PrimeBeastRock.h">
      <Filter>02.GameObject\Monster\Normal\PrimeBeast\Rock</Filter>
    </ClInclude>
    <ClInclude Include="..\public\DahlWeaponLocker.h">
      <Filter>02.GameObject\InteractObject\DahlWeaponLocker</Filter>
    </ClInclude>
    <ClInclude Include="..\public\DahlEpicCrate.h">
      <Filter>02.GameObject\InteractObject\DahlEpicCrate</Filter>
    </ClInclude>
    <ClInclude Include="..\public\HyperionChest.h">
      <Filter>02.GameObject\InteractObject\HyperionChest</Filter>
    </ClInclude>
    <ClInclude Include="..\public\HitBullet.h">
      <Filter>02.GameObject\Effect\HitBullet</Filter>
    </ClInclude>
    <ClInclude Include="..\public\BossPrimeBeast.h">
      <Filter>02.GameObject\Monster\Boss\PrimeBeast</Filter>
    </ClInclude>
    <ClInclude Include="..\public\BossPrimeBeastRock.h">
      <Filter>02.GameObject\Monster\Boss\PrimeBeast\BossPrimeBeastRock</Filter>
    </ClInclude>
    <ClInclude Include="..\public\GlacialFlowWall.h">
      <Filter>02.GameObject\GlacialFlowWall</Filter>
    </ClInclude>
    <ClInclude Include="..\public\UI.h">
      <Filter>02.GameObject\UI\PlayerUI</Filter>
    </ClInclude>
    <ClInclude Include="..\public\CrossSight.h">
      <Filter>02.GameObject\UI\CrossSight</Filter>
    </ClInclude>
    <ClInclude Include="..\public\Muzzle.h">
      <Filter>02.GameObject\Effect\Muzzle</Filter>
    </ClInclude>
    <ClInclude Include="..\public\PickUps.h">
      <Filter>02.GameObject\PickUps</Filter>
    </ClInclude>
    <ClInclude Include="..\public\HITUI.h">
      <Filter>02.GameObject\UI\HitUI</Filter>
    </ClInclude>
    <ClInclude Include="..\public\Snow.h">
      <Filter>02.GameObject\Effect\Snow</Filter>
    </ClInclude>
    <ClInclude Include="..\public\SnowScreen.h">
      <Filter>02.GameObject\UI\SnowScreen</Filter>
    </ClInclude>
    <ClInclude Include="..\public\TitleCard.h">
      <Filter>02.GameObject\UI\TitleCard</Filter>
    </ClInclude>
    <ClInclude Include="..\public\ClapTrap.h">
      <Filter>02.GameObject\ClapTrap</Filter>
    </ClInclude>
    <ClInclude Include="..\public\Camera_Dynamic.h">
      <Filter>02.GameObject\Camera\Dynamic</Filter>
    </ClInclude>
    <ClInclude Include="..\public\Camera_Static.h">
      <Filter>02.GameObject\Camera\Static</Filter>
    </ClInclude>
    <ClInclude Include="..\public\Sky.h">
      <Filter>02.GameObject\Sky\GameSky</Filter>
    </ClInclude>
    <ClInclude Include="..\public\LogoSky.h">
      <Filter>02.GameObject\Sky\LogoSky</Filter>
    </ClInclude>
  </ItemGroup>
  <ItemGroup>
    <ClCompile Include="Client.cpp">
      <Filter>98.Default</Filter>
    </ClCompile>
    <ClCompile Include="stdafx.cpp">
      <Filter>98.Default</Filter>
    </ClCompile>
    <ClCompile Include="..\private\MainApp.cpp">
      <Filter>00.MainApp</Filter>
    </ClCompile>
    <ClCompile Include="..\private\Level_Logo.cpp">
      <Filter>01.Level\Logo</Filter>
    </ClCompile>
    <ClCompile Include="..\private\Level_Loading.cpp">
      <Filter>01.Level\Loading</Filter>
    </ClCompile>
    <ClCompile Include="..\private\Loader.cpp">
      <Filter>01.Level\Loading\Loader</Filter>
    </ClCompile>
    <ClCompile Include="..\private\BackGround.cpp">
      <Filter>02.GameObject\BackGround</Filter>
    </ClCompile>
    <ClCompile Include="..\private\Level_GamePlay.cpp">
      <Filter>01.Level\GamePlay</Filter>
    </ClCompile>
    <ClCompile Include="..\private\Terrain.cpp">
      <Filter>02.GameObject\Terrain</Filter>
    </ClCompile>
    <ClCompile Include="..\private\Player.cpp">
      <Filter>02.GameObject\Player</Filter>
    </ClCompile>
    <ClCompile Include="..\private\EnvironmentObject.cpp">
      <Filter>02.GameObject\EnvirionmentObject</Filter>
    </ClCompile>
    <ClCompile Include="..\private\BugMorph.cpp">
      <Filter>02.GameObject\Monster\Normal\BugMorph</Filter>
    </ClCompile>
    <ClCompile Include="..\private\SMG.cpp">
      <Filter>02.GameObject\Player\Weapon\SMG</Filter>
    </ClCompile>
    <ClCompile Include="..\private\PrimeBeast.cpp">
      <Filter>02.GameObject\Monster\Normal\PrimeBeast</Filter>
    </ClCompile>
    <ClCompile Include="..\private\PrimeBeastRock.cpp">
      <Filter>02.GameObject\Monster\Normal\PrimeBeast\Rock</Filter>
    </ClCompile>
    <ClCompile Include="..\private\DahlWeaponLocker.cpp">
      <Filter>02.GameObject\InteractObject\DahlWeaponLocker</Filter>
    </ClCompile>
    <ClCompile Include="..\private\DahlEpicCrate.cpp">
      <Filter>02.GameObject\InteractObject\DahlEpicCrate</Filter>
    </ClCompile>
    <ClCompile Include="..\private\HyperionChest.cpp">
      <Filter>02.GameObject\InteractObject\HyperionChest</Filter>
    </ClCompile>
    <ClCompile Include="..\private\HitBullet.cpp">
      <Filter>02.GameObject\Effect\HitBullet</Filter>
    </ClCompile>
    <ClCompile Include="..\private\BossPrimeBeast.cpp">
      <Filter>02.GameObject\Monster\Boss\PrimeBeast</Filter>
    </ClCompile>
    <ClCompile Include="..\private\BossPrimeBeastRock.cpp">
      <Filter>02.GameObject\Monster\Boss\PrimeBeast\BossPrimeBeastRock</Filter>
    </ClCompile>
    <ClCompile Include="..\private\GlacialFlowWall.cpp">
      <Filter>02.GameObject\GlacialFlowWall</Filter>
    </ClCompile>
    <ClCompile Include="..\private\UI.cpp">
      <Filter>02.GameObject\UI\PlayerUI</Filter>
    </ClCompile>
    <ClCompile Include="..\private\CrossSIght.cpp">
      <Filter>02.GameObject\UI\CrossSight</Filter>
    </ClCompile>
    <ClCompile Include="..\private\Muzzle.cpp">
      <Filter>02.GameObject\Effect\Muzzle</Filter>
    </ClCompile>
    <ClCompile Include="..\private\PickUps.cpp">
      <Filter>02.GameObject\PickUps</Filter>
    </ClCompile>
    <ClCompile Include="..\private\HITUI.cpp">
      <Filter>02.GameObject\UI\HitUI</Filter>
    </ClCompile>
    <ClCompile Include="..\private\Snow.cpp">
      <Filter>02.GameObject\Effect\Snow</Filter>
    </ClCompile>
    <ClCompile Include="..\private\SnowScreen.cpp">
      <Filter>02.GameObject\UI\SnowScreen</Filter>
    </ClCompile>
    <ClCompile Include="..\private\TitleCard.cpp">
      <Filter>02.GameObject\UI\TitleCard</Filter>
    </ClCompile>
    <ClCompile Include="..\private\ClapTrap.cpp">
      <Filter>02.GameObject\ClapTrap</Filter>
    </ClCompile>
    <ClCompile Include="..\private\Camera_Dynamic.cpp">
      <Filter>02.GameObject\Camera\Dynamic</Filter>
    </ClCompile>
    <ClCompile Include="..\private\Camera_Static.cpp">
      <Filter>02.GameObject\Camera\Static</Filter>
    </ClCompile>
    <ClCompile Include="..\private\Sky.cpp">
      <Filter>02.GameObject\Sky\GameSky</Filter>
    </ClCompile>
    <ClCompile Include="..\private\LogoSky.cpp">
      <Filter>02.GameObject\Sky\LogoSky</Filter>
    </ClCompile>
  </ItemGroup>
  <ItemGroup>
    <Image Include="Client.ico">
      <Filter>98.Default</Filter>
    </Image>
    <Image Include="small.ico">
      <Filter>98.Default</Filter>
    </Image>
  </ItemGroup>
  <ItemGroup>
    <ResourceCompile Include="Client.rc">
      <Filter>98.Default</Filter>
    </ResourceCompile>
  </ItemGroup>
  <ItemGroup>
    <FxCompile Include="..\bin\ShaderFiles\Shader_Rect.hlsl">
      <Filter>97.ShaderFiles</Filter>
    </FxCompile>
    <FxCompile Include="..\bin\ShaderFiles\Shader_Terrain.hlsl">
      <Filter>97.ShaderFiles</Filter>
    </FxCompile>
    <FxCompile Include="..\bin\ShaderFiles\Shader_Cube.hlsl">
      <Filter>97.ShaderFiles</Filter>
    </FxCompile>
    <FxCompile Include="..\bin\ShaderFiles\Shader_Terrain_Tool.hlsl">
      <Filter>97.ShaderFiles</Filter>
    </FxCompile>
    <FxCompile Include="..\bin\ShaderFiles\Shader_Mesh.hlsl">
      <Filter>97.ShaderFiles</Filter>
    </FxCompile>
    <FxCompile Include="..\bin\ShaderFiles\Shader_Mesh_Tool.hlsl">
      <Filter>97.ShaderFiles</Filter>
    </FxCompile>
    <FxCompile Include="..\bin\ShaderFiles\Shader_Line.hlsl">
      <Filter>97.ShaderFiles</Filter>
    </FxCompile>
    <FxCompile Include="..\bin\ShaderFiles\Shader_Loading.hlsl">
      <Filter>97.ShaderFiles</Filter>
    </FxCompile>
    <FxCompile Include="..\bin\ShaderFiles\Shader_RectEffect.hlsl">
      <Filter>97.ShaderFiles</Filter>
    </FxCompile>
    <FxCompile Include="..\bin\ShaderFiles\Shader_PointInstance.hlsl">
      <Filter>97.ShaderFiles</Filter>
    </FxCompile>
  </ItemGroup>
</Project>