<?xml version="1.0" encoding="utf-8"?>
<Project ToolsVersion="4.0" xmlns="http://schemas.microsoft.com/developer/msbuild/2003">
  <ItemGroup>
    <Filter Include="00. Utility">
      <UniqueIdentifier>{f06226d1-e3cd-49cb-800e-4d4ea652309b}</UniqueIdentifier>
    </Filter>
    <Filter Include="01. System">
      <UniqueIdentifier>{866e8c38-a6b7-4d15-a15b-79962a0786b1}</UniqueIdentifier>
    </Filter>
    <Filter Include="00. Utility\00. GameInstance">
      <UniqueIdentifier>{3a8868db-ce17-483a-b042-2fe33a746e2c}</UniqueIdentifier>
    </Filter>
    <Filter Include="99. Include">
      <UniqueIdentifier>{130b76f7-20f7-4a73-822b-3f871297b4c3}</UniqueIdentifier>
    </Filter>
    <Filter Include="01. System\00. GraphicDevice">
      <UniqueIdentifier>{3c25452d-33a9-427e-a612-59f8c978bb03}</UniqueIdentifier>
    </Filter>
    <Filter Include="00. Utility\99. SuperBase">
      <UniqueIdentifier>{628a4058-132a-4f51-9c34-1e4bd9c63c25}</UniqueIdentifier>
    </Filter>
  </ItemGroup>
  <ItemGroup>
    <ClInclude Include="..\header\SuperBase.h">
      <Filter>00. Utility\99. SuperBase</Filter>
    </ClInclude>
    <ClInclude Include="..\header\EngineIncludeh.h">
      <Filter>99. Include</Filter>
    </ClInclude>
    <ClInclude Include="..\header\EngineFunction.h">
      <Filter>99. Include</Filter>
    </ClInclude>
    <ClInclude Include="..\header\EngineDefines.h">
      <Filter>99. Include</Filter>
    </ClInclude>
    <ClInclude Include="..\header\EngineTypedef.h">
      <Filter>99. Include</Filter>
    </ClInclude>
    <ClInclude Include="..\header\DX11GraphicDev.h">
      <Filter>01. System\00. GraphicDevice</Filter>
    </ClInclude>
    <ClInclude Include="..\header\GameInstance.h">
      <Filter>00. Utility\00. GameInstance</Filter>
    </ClInclude>
  </ItemGroup>
  <ItemGroup>
    <ClCompile Include="..\cpp\SuperBase.cpp">
      <Filter>00. Utility\99. SuperBase</Filter>
    </ClCompile>
    <ClCompile Include="..\cpp\DX11GraphicDev.cpp">
      <Filter>01. System\00. GraphicDevice</Filter>
    </ClCompile>
    <ClCompile Include="..\cpp\GameInstance.cpp">
      <Filter>00. Utility\00. GameInstance</Filter>
    </ClCompile>
  </ItemGroup>
</Project>