<?xml version="1.0" encoding="utf-8"?>
<Project ToolsVersion="4.0" xmlns="http://schemas.microsoft.com/developer/msbuild/2003">
  <ItemGroup>
    <Filter Include="00. Utility">
      <UniqueIdentifier>{f06226d1-e3cd-49cb-800e-4d4ea652309b}</UniqueIdentifier>
    </Filter>
    <Filter Include="01. System">
      <UniqueIdentifier>{866e8c38-a6b7-4d15-a15b-79962a0786b1}</UniqueIdentifier>
    </Filter>
    <Filter Include="00. Utility\00. GameInstance">
      <UniqueIdentifier>{3a8868db-ce17-483a-b042-2fe33a746e2c}</UniqueIdentifier>
    </Filter>
    <Filter Include="99. Include">
      <UniqueIdentifier>{130b76f7-20f7-4a73-822b-3f871297b4c3}</UniqueIdentifier>
    </Filter>
    <Filter Include="01. System\00. GraphicDevice">
      <UniqueIdentifier>{3c25452d-33a9-427e-a612-59f8c978bb03}</UniqueIdentifier>
    </Filter>
    <Filter Include="00. Utility\99. SuperBase">
      <UniqueIdentifier>{628a4058-132a-4f51-9c34-1e4bd9c63c25}</UniqueIdentifier>
    </Filter>
    <Filter Include="00. Utility\01. Level">
      <UniqueIdentifier>{903a40a8-6416-409b-b0fe-f8c73ffe2dad}</UniqueIdentifier>
    </Filter>
    <Filter Include="00. Utility\01. Level\Manager">
      <UniqueIdentifier>{e9915c54-9d77-4a1f-9a4f-c598f8577fe7}</UniqueIdentifier>
    </Filter>
    <Filter Include="01. System\01. Time">
      <UniqueIdentifier>{f58021ff-f309-4dce-8322-34ff7c98705e}</UniqueIdentifier>
    </Filter>
    <Filter Include="01. System\01. Time\Manager">
      <UniqueIdentifier>{ca150332-7974-4d19-8d1b-7bd7981530fc}</UniqueIdentifier>
    </Filter>
    <Filter Include="00. Utility\02. GameObj">
      <UniqueIdentifier>{41711982-abd8-4d68-8670-d7a00df14189}</UniqueIdentifier>
    </Filter>
    <Filter Include="00. Utility\02. GameObj\Manager">
      <UniqueIdentifier>{3ac7903b-83e2-411f-8cfe-9105a15ed2ae}</UniqueIdentifier>
    </Filter>
    <Filter Include="00. Utility\02. GameObj\Layer">
      <UniqueIdentifier>{1b30f7d6-3be6-4855-928d-7ce38b2de08d}</UniqueIdentifier>
    </Filter>
  </ItemGroup>
  <ItemGroup>
    <ClInclude Include="..\header\SuperBase.h">
      <Filter>00. Utility\99. SuperBase</Filter>
    </ClInclude>
    <ClInclude Include="..\header\EngineIncludeh.h">
      <Filter>99. Include</Filter>
    </ClInclude>
    <ClInclude Include="..\header\EngineFunction.h">
      <Filter>99. Include</Filter>
    </ClInclude>
    <ClInclude Include="..\header\EngineDefines.h">
      <Filter>99. Include</Filter>
    </ClInclude>
    <ClInclude Include="..\header\EngineTypedef.h">
      <Filter>99. Include</Filter>
    </ClInclude>
    <ClInclude Include="..\header\DX11GraphicDev.h">
      <Filter>01. System\00. GraphicDevice</Filter>
    </ClInclude>
    <ClInclude Include="..\header\GameInstance.h">
      <Filter>00. Utility\00. GameInstance</Filter>
    </ClInclude>
    <ClInclude Include="..\header\LevelManager.h">
      <Filter>00. Utility\01. Level\Manager</Filter>
    </ClInclude>
    <ClInclude Include="..\header\Level.h">
      <Filter>00. Utility\01. Level</Filter>
    </ClInclude>
    <ClInclude Include="..\header\Time.h">
      <Filter>01. System\01. Time</Filter>
    </ClInclude>
    <ClInclude Include="..\header\TimeManager.h">
      <Filter>01. System\01. Time\Manager</Filter>
    </ClInclude>
    <ClInclude Include="..\header\GameObj.h">
      <Filter>00. Utility\02. GameObj</Filter>
    </ClInclude>
    <ClInclude Include="..\header\GameObjManager.h">
      <Filter>00. Utility\02. GameObj\Manager</Filter>
    </ClInclude>
    <ClInclude Include="..\header\Layer.h">
      <Filter>00. Utility\02. GameObj\Layer</Filter>
    </ClInclude>
  </ItemGroup>
  <ItemGroup>
    <ClCompile Include="..\cpp\SuperBase.cpp">
      <Filter>00. Utility\99. SuperBase</Filter>
    </ClCompile>
    <ClCompile Include="..\cpp\DX11GraphicDev.cpp">
      <Filter>01. System\00. GraphicDevice</Filter>
    </ClCompile>
    <ClCompile Include="..\cpp\GameInstance.cpp">
      <Filter>00. Utility\00. GameInstance</Filter>
    </ClCompile>
    <ClCompile Include="..\cpp\LevelManager.cpp">
      <Filter>00. Utility\01. Level\Manager</Filter>
    </ClCompile>
    <ClCompile Include="..\cpp\Level.cpp">
      <Filter>00. Utility\01. Level</Filter>
    </ClCompile>
    <ClCompile Include="..\cpp\Time.cpp">
      <Filter>01. System\01. Time</Filter>
    </ClCompile>
    <ClCompile Include="..\cpp\TimeManager.cpp">
      <Filter>01. System\01. Time\Manager</Filter>
    </ClCompile>
    <ClCompile Include="..\cpp\GameObj.cpp">
      <Filter>00. Utility\02. GameObj</Filter>
    </ClCompile>
    <ClCompile Include="..\cpp\GameObjManager.cpp">
      <Filter>00. Utility\02. GameObj\Manager</Filter>
    </ClCompile>
    <ClCompile Include="..\cpp\Layer.cpp">
      <Filter>00. Utility\02. GameObj\Layer</Filter>
    </ClCompile>
  </ItemGroup>
</Project>